
Microsoft Visual Studio Solution File, Format Version 12.00
# Visual Studio 14
VisualStudioVersion = 14.0.23107.0
MinimumVisualStudioVersion = 10.0.40219.1
Project("{FAE04EC0-301F-11D3-BF4B-00C04F79EFBC}") = "ClassLibrary", "ClassLibrary\ClassLibrary.csproj", "{FAFAE038-EA2E-4C7F-AF86-85FF2377176A}"
EndProject
Project("{FAE04EC0-301F-11D3-BF4B-00C04F79EFBC}") = "ConsoleInterface", "ConsoleInterface\ConsoleInterface.csproj", "{633DA27F-73DF-4B03-A2B9-3F5F4ED2E344}"
EndProject
Global
	GlobalSection(SolutionConfigurationPlatforms) = preSolution
		Debug|Any CPU = Debug|Any CPU
		Release|Any CPU = Release|Any CPU
	EndGlobalSection
	GlobalSection(ProjectConfigurationPlatforms) = postSolution
		{FAFAE038-EA2E-4C7F-AF86-85FF2377176A}.Debug|Any CPU.ActiveCfg = Debug|Any CPU
		{FAFAE038-EA2E-4C7F-AF86-85FF2377176A}.Debug|Any CPU.Build.0 = Debug|Any CPU
		{FAFAE038-EA2E-4C7F-AF86-85FF2377176A}.Release|Any CPU.ActiveCfg = Release|Any CPU
		{FAFAE038-EA2E-4C7F-AF86-85FF2377176A}.Release|Any CPU.Build.0 = Release|Any CPU
		{633DA27F-73DF-4B03-A2B9-3F5F4ED2E344}.Debug|Any CPU.ActiveCfg = Debug|Any CPU
		{633DA27F-73DF-4B03-A2B9-3F5F4ED2E344}.Debug|Any CPU.Build.0 = Debug|Any CPU
		{633DA27F-73DF-4B03-A2B9-3F5F4ED2E344}.Release|Any CPU.ActiveCfg = Release|Any CPU
		{633DA27F-73DF-4B03-A2B9-3F5F4ED2E344}.Release|Any CPU.Build.0 = Release|Any CPU
	EndGlobalSection
	GlobalSection(SolutionProperties) = preSolution
		HideSolutionNode = FALSE
	EndGlobalSection
EndGlobal
