
Microsoft Visual Studio Solution File, Format Version 12.00
# Visual Studio 14
VisualStudioVersion = 14.0.25420.1
MinimumVisualStudioVersion = 10.0.40219.1
Project("{FAE04EC0-301F-11D3-BF4B-00C04F79EFBC}") = "003Judth_Blaschke_SessionRater", "Judth_Blaschke_SessionRater\003Judth_Blaschke_SessionRater.csproj", "{C8A04D03-CB56-470A-87E7-87F90216E81C}"
EndProject
Project("{FAE04EC0-301F-11D3-BF4B-00C04F79EFBC}") = "SessionRaterModel", "SessionRaterClient\SessionRaterModel.csproj", "{7203C5D4-2824-4891-A505-DA6A75D7990F}"
EndProject
Project("{FAE04EC0-301F-11D3-BF4B-00C04F79EFBC}") = "SessionRaterClient", "SessionRater\SessionRaterClient.csproj", "{A8414421-58A5-495B-852B-E1D9365F28D6}"
EndProject
Project("{9092AA53-FB77-4645-B42D-1CCCA6BD08BD}") = "SessionRaterJS", "SessionRaterJS\SessionRaterJS.njsproj", "{865CE425-0977-4D17-9926-D924BBAC817B}"
EndProject
Global
	GlobalSection(SolutionConfigurationPlatforms) = preSolution
		Debug|Any CPU = Debug|Any CPU
		Release|Any CPU = Release|Any CPU
	EndGlobalSection
	GlobalSection(ProjectConfigurationPlatforms) = postSolution
		{C8A04D03-CB56-470A-87E7-87F90216E81C}.Debug|Any CPU.ActiveCfg = Debug|Any CPU
		{C8A04D03-CB56-470A-87E7-87F90216E81C}.Debug|Any CPU.Build.0 = Debug|Any CPU
		{C8A04D03-CB56-470A-87E7-87F90216E81C}.Release|Any CPU.ActiveCfg = Release|Any CPU
		{C8A04D03-CB56-470A-87E7-87F90216E81C}.Release|Any CPU.Build.0 = Release|Any CPU
		{7203C5D4-2824-4891-A505-DA6A75D7990F}.Debug|Any CPU.ActiveCfg = Debug|Any CPU
		{7203C5D4-2824-4891-A505-DA6A75D7990F}.Debug|Any CPU.Build.0 = Debug|Any CPU
		{7203C5D4-2824-4891-A505-DA6A75D7990F}.Release|Any CPU.ActiveCfg = Release|Any CPU
		{7203C5D4-2824-4891-A505-DA6A75D7990F}.Release|Any CPU.Build.0 = Release|Any CPU
		{A8414421-58A5-495B-852B-E1D9365F28D6}.Debug|Any CPU.ActiveCfg = Debug|Any CPU
		{A8414421-58A5-495B-852B-E1D9365F28D6}.Debug|Any CPU.Build.0 = Debug|Any CPU
		{A8414421-58A5-495B-852B-E1D9365F28D6}.Release|Any CPU.ActiveCfg = Release|Any CPU
		{A8414421-58A5-495B-852B-E1D9365F28D6}.Release|Any CPU.Build.0 = Release|Any CPU
		{865CE425-0977-4D17-9926-D924BBAC817B}.Debug|Any CPU.ActiveCfg = Debug|Any CPU
		{865CE425-0977-4D17-9926-D924BBAC817B}.Debug|Any CPU.Build.0 = Debug|Any CPU
		{865CE425-0977-4D17-9926-D924BBAC817B}.Release|Any CPU.ActiveCfg = Release|Any CPU
		{865CE425-0977-4D17-9926-D924BBAC817B}.Release|Any CPU.Build.0 = Release|Any CPU
	EndGlobalSection
	GlobalSection(SolutionProperties) = preSolution
		HideSolutionNode = FALSE
	EndGlobalSection
EndGlobal
