
Microsoft Visual Studio Solution File, Format Version 12.00
# Visual Studio 14
VisualStudioVersion = 14.0.23107.0
MinimumVisualStudioVersion = 10.0.40219.1
Project("{FAE04EC0-301F-11D3-BF4B-00C04F79EFBC}") = "18_Mühlbacher_Paul", "18_Mühlbacher_Paul\18_Mühlbacher_Paul.csproj", "{F8A7B655-47F8-4568-BAD3-27A1532F52A8}"
EndProject
Project("{FAE04EC0-301F-11D3-BF4B-00C04F79EFBC}") = "PLFClassLibrary", "PLFClassLibrary\PLFClassLibrary.csproj", "{96F48803-5E38-4EB5-9864-6230EC2F5DD4}"
EndProject
Global
	GlobalSection(SolutionConfigurationPlatforms) = preSolution
		Debug|Any CPU = Debug|Any CPU
		Release|Any CPU = Release|Any CPU
	EndGlobalSection
	GlobalSection(ProjectConfigurationPlatforms) = postSolution
		{F8A7B655-47F8-4568-BAD3-27A1532F52A8}.Debug|Any CPU.ActiveCfg = Debug|Any CPU
		{F8A7B655-47F8-4568-BAD3-27A1532F52A8}.Debug|Any CPU.Build.0 = Debug|Any CPU
		{F8A7B655-47F8-4568-BAD3-27A1532F52A8}.Release|Any CPU.ActiveCfg = Release|Any CPU
		{F8A7B655-47F8-4568-BAD3-27A1532F52A8}.Release|Any CPU.Build.0 = Release|Any CPU
		{96F48803-5E38-4EB5-9864-6230EC2F5DD4}.Debug|Any CPU.ActiveCfg = Debug|Any CPU
		{96F48803-5E38-4EB5-9864-6230EC2F5DD4}.Debug|Any CPU.Build.0 = Debug|Any CPU
		{96F48803-5E38-4EB5-9864-6230EC2F5DD4}.Release|Any CPU.ActiveCfg = Release|Any CPU
		{96F48803-5E38-4EB5-9864-6230EC2F5DD4}.Release|Any CPU.Build.0 = Release|Any CPU
	EndGlobalSection
	GlobalSection(SolutionProperties) = preSolution
		HideSolutionNode = FALSE
	EndGlobalSection
EndGlobal
