
Microsoft Visual Studio Solution File, Format Version 12.00
# Visual Studio 14
VisualStudioVersion = 14.0.23107.0
MinimumVisualStudioVersion = 10.0.40219.1
Project("{FAE04EC0-301F-11D3-BF4B-00C04F79EFBC}") = "TCP_Subscriber", "TCP_Subscriber\TCP_Subscriber.csproj", "{C811560C-A1B2-4483-94EA-C33D9B359DC2}"
EndProject
Global
	GlobalSection(SolutionConfigurationPlatforms) = preSolution
		Debug|Any CPU = Debug|Any CPU
		Release|Any CPU = Release|Any CPU
	EndGlobalSection
	GlobalSection(ProjectConfigurationPlatforms) = postSolution
		{C811560C-A1B2-4483-94EA-C33D9B359DC2}.Debug|Any CPU.ActiveCfg = Debug|Any CPU
		{C811560C-A1B2-4483-94EA-C33D9B359DC2}.Debug|Any CPU.Build.0 = Debug|Any CPU
		{C811560C-A1B2-4483-94EA-C33D9B359DC2}.Release|Any CPU.ActiveCfg = Release|Any CPU
		{C811560C-A1B2-4483-94EA-C33D9B359DC2}.Release|Any CPU.Build.0 = Release|Any CPU
	EndGlobalSection
	GlobalSection(SolutionProperties) = preSolution
		HideSolutionNode = FALSE
	EndGlobalSection
EndGlobal
