
Microsoft Visual Studio Solution File, Format Version 12.00
# Visual Studio 14
VisualStudioVersion = 14.0.23107.0
MinimumVisualStudioVersion = 10.0.40219.1
Project("{FAE04EC0-301F-11D3-BF4B-00C04F79EFBC}") = "02_Berisa_ValonPLF", "02_Berisa_ValonPLF\02_Berisa_ValonPLF.csproj", "{2CBDCE27-2429-4EE7-BCFD-4AE3E8636F2D}"
EndProject
Project("{FAE04EC0-301F-11D3-BF4B-00C04F79EFBC}") = "DataStructure", "DataStructure\DataStructure.csproj", "{7462165A-104B-4EAC-A86D-56DAF4DECCA1}"
EndProject
Global
	GlobalSection(SolutionConfigurationPlatforms) = preSolution
		Debug|Any CPU = Debug|Any CPU
		Release|Any CPU = Release|Any CPU
	EndGlobalSection
	GlobalSection(ProjectConfigurationPlatforms) = postSolution
		{2CBDCE27-2429-4EE7-BCFD-4AE3E8636F2D}.Debug|Any CPU.ActiveCfg = Debug|Any CPU
		{2CBDCE27-2429-4EE7-BCFD-4AE3E8636F2D}.Debug|Any CPU.Build.0 = Debug|Any CPU
		{2CBDCE27-2429-4EE7-BCFD-4AE3E8636F2D}.Release|Any CPU.ActiveCfg = Release|Any CPU
		{2CBDCE27-2429-4EE7-BCFD-4AE3E8636F2D}.Release|Any CPU.Build.0 = Release|Any CPU
		{7462165A-104B-4EAC-A86D-56DAF4DECCA1}.Debug|Any CPU.ActiveCfg = Debug|Any CPU
		{7462165A-104B-4EAC-A86D-56DAF4DECCA1}.Debug|Any CPU.Build.0 = Debug|Any CPU
		{7462165A-104B-4EAC-A86D-56DAF4DECCA1}.Release|Any CPU.ActiveCfg = Release|Any CPU
		{7462165A-104B-4EAC-A86D-56DAF4DECCA1}.Release|Any CPU.Build.0 = Release|Any CPU
	EndGlobalSection
	GlobalSection(SolutionProperties) = preSolution
		HideSolutionNode = FALSE
	EndGlobalSection
EndGlobal
