
Microsoft Visual Studio Solution File, Format Version 12.00
# Visual Studio 14
VisualStudioVersion = 14.0.25420.1
MinimumVisualStudioVersion = 10.0.40219.1
Project("{FAE04EC0-301F-11D3-BF4B-00C04F79EFBC}") = "TextChangerMongo", "TextChangerMongo\TextChangerMongo.csproj", "{6619F52E-A7A8-4E18-8BEE-7367D71AAE47}"
EndProject
Project("{FAE04EC0-301F-11D3-BF4B-00C04F79EFBC}") = "Data", "Data\Data.csproj", "{FD3AA95C-8113-4188-A26B-C984C46445D3}"
EndProject
Global
	GlobalSection(SolutionConfigurationPlatforms) = preSolution
		Debug|Any CPU = Debug|Any CPU
		Release|Any CPU = Release|Any CPU
	EndGlobalSection
	GlobalSection(ProjectConfigurationPlatforms) = postSolution
		{6619F52E-A7A8-4E18-8BEE-7367D71AAE47}.Debug|Any CPU.ActiveCfg = Debug|Any CPU
		{6619F52E-A7A8-4E18-8BEE-7367D71AAE47}.Debug|Any CPU.Build.0 = Debug|Any CPU
		{6619F52E-A7A8-4E18-8BEE-7367D71AAE47}.Release|Any CPU.ActiveCfg = Release|Any CPU
		{6619F52E-A7A8-4E18-8BEE-7367D71AAE47}.Release|Any CPU.Build.0 = Release|Any CPU
		{FD3AA95C-8113-4188-A26B-C984C46445D3}.Debug|Any CPU.ActiveCfg = Debug|Any CPU
		{FD3AA95C-8113-4188-A26B-C984C46445D3}.Debug|Any CPU.Build.0 = Debug|Any CPU
		{FD3AA95C-8113-4188-A26B-C984C46445D3}.Release|Any CPU.ActiveCfg = Release|Any CPU
		{FD3AA95C-8113-4188-A26B-C984C46445D3}.Release|Any CPU.Build.0 = Release|Any CPU
	EndGlobalSection
	GlobalSection(SolutionProperties) = preSolution
		HideSolutionNode = FALSE
	EndGlobalSection
EndGlobal
