
Microsoft Visual Studio Solution File, Format Version 12.00
# Visual Studio 14
VisualStudioVersion = 14.0.25420.1
MinimumVisualStudioVersion = 10.0.40219.1
Project("{9092AA53-FB77-4645-B42D-1CCCA6BD08BD}") = "07_Judth_Marcel", "07_Judth_Marcel\07_Judth_Marcel.njsproj", "{7F10FE38-421A-40AD-AFF4-C757EF2D99DD}"
EndProject
Global
	GlobalSection(SolutionConfigurationPlatforms) = preSolution
		Debug|Any CPU = Debug|Any CPU
		Release|Any CPU = Release|Any CPU
	EndGlobalSection
	GlobalSection(ProjectConfigurationPlatforms) = postSolution
		{7F10FE38-421A-40AD-AFF4-C757EF2D99DD}.Debug|Any CPU.ActiveCfg = Debug|Any CPU
		{7F10FE38-421A-40AD-AFF4-C757EF2D99DD}.Debug|Any CPU.Build.0 = Debug|Any CPU
		{7F10FE38-421A-40AD-AFF4-C757EF2D99DD}.Release|Any CPU.ActiveCfg = Release|Any CPU
		{7F10FE38-421A-40AD-AFF4-C757EF2D99DD}.Release|Any CPU.Build.0 = Release|Any CPU
	EndGlobalSection
	GlobalSection(SolutionProperties) = preSolution
		HideSolutionNode = FALSE
	EndGlobalSection
EndGlobal
