
Microsoft Visual Studio Solution File, Format Version 12.00
# Visual Studio 14
VisualStudioVersion = 14.0.23107.0
MinimumVisualStudioVersion = 10.0.40219.1
Project("{FAE04EC0-301F-11D3-BF4B-00C04F79EFBC}") = "Judth_JsArrayFunctionsDemo", "Judth_JsArrayFunctionsDemo\Judth_JsArrayFunctionsDemo.csproj", "{EE8B13C2-9EDD-40B9-9791-9953CB83E043}"
EndProject
Global
	GlobalSection(SolutionConfigurationPlatforms) = preSolution
		Debug|Any CPU = Debug|Any CPU
		Release|Any CPU = Release|Any CPU
	EndGlobalSection
	GlobalSection(ProjectConfigurationPlatforms) = postSolution
		{EE8B13C2-9EDD-40B9-9791-9953CB83E043}.Debug|Any CPU.ActiveCfg = Debug|Any CPU
		{EE8B13C2-9EDD-40B9-9791-9953CB83E043}.Debug|Any CPU.Build.0 = Debug|Any CPU
		{EE8B13C2-9EDD-40B9-9791-9953CB83E043}.Release|Any CPU.ActiveCfg = Release|Any CPU
		{EE8B13C2-9EDD-40B9-9791-9953CB83E043}.Release|Any CPU.Build.0 = Release|Any CPU
	EndGlobalSection
	GlobalSection(SolutionProperties) = preSolution
		HideSolutionNode = FALSE
	EndGlobalSection
EndGlobal
