
Microsoft Visual Studio Solution File, Format Version 12.00
# Visual Studio 14
VisualStudioVersion = 14.0.23107.0
MinimumVisualStudioVersion = 10.0.40219.1
Project("{9092AA53-FB77-4645-B42D-1CCCA6BD08BD}") = "Judth_Marcel_2.Plf_Verbesserung", "Judth_Marcel_2.Plf_Verbesserung\Judth_Marcel_2.Plf_Verbesserung.njsproj", "{199786EE-AE46-4106-92C5-416BA4FC367C}"
EndProject
Global
	GlobalSection(SolutionConfigurationPlatforms) = preSolution
		Debug|Any CPU = Debug|Any CPU
		Release|Any CPU = Release|Any CPU
	EndGlobalSection
	GlobalSection(ProjectConfigurationPlatforms) = postSolution
		{199786EE-AE46-4106-92C5-416BA4FC367C}.Debug|Any CPU.ActiveCfg = Debug|Any CPU
		{199786EE-AE46-4106-92C5-416BA4FC367C}.Debug|Any CPU.Build.0 = Debug|Any CPU
		{199786EE-AE46-4106-92C5-416BA4FC367C}.Release|Any CPU.ActiveCfg = Release|Any CPU
		{199786EE-AE46-4106-92C5-416BA4FC367C}.Release|Any CPU.Build.0 = Release|Any CPU
	EndGlobalSection
	GlobalSection(SolutionProperties) = preSolution
		HideSolutionNode = FALSE
	EndGlobalSection
EndGlobal
