
Microsoft Visual Studio Solution File, Format Version 12.00
# Visual Studio 14
VisualStudioVersion = 14.0.25420.1
MinimumVisualStudioVersion = 10.0.40219.1
Project("{9092AA53-FB77-4645-B42D-1CCCA6BD08BD}") = "001ExpressTests", "NodejsWebApp1\001ExpressTests.njsproj", "{39F1E18D-316A-4CD7-897D-636E52A039FF}"
EndProject
Global
	GlobalSection(SolutionConfigurationPlatforms) = preSolution
		Debug|Any CPU = Debug|Any CPU
		Release|Any CPU = Release|Any CPU
	EndGlobalSection
	GlobalSection(ProjectConfigurationPlatforms) = postSolution
		{39F1E18D-316A-4CD7-897D-636E52A039FF}.Debug|Any CPU.ActiveCfg = Debug|Any CPU
		{39F1E18D-316A-4CD7-897D-636E52A039FF}.Debug|Any CPU.Build.0 = Debug|Any CPU
		{39F1E18D-316A-4CD7-897D-636E52A039FF}.Release|Any CPU.ActiveCfg = Release|Any CPU
		{39F1E18D-316A-4CD7-897D-636E52A039FF}.Release|Any CPU.Build.0 = Release|Any CPU
	EndGlobalSection
	GlobalSection(SolutionProperties) = preSolution
		HideSolutionNode = FALSE
	EndGlobalSection
EndGlobal
