
Microsoft Visual Studio Solution File, Format Version 12.00
# Visual Studio 14
VisualStudioVersion = 14.0.23107.0
MinimumVisualStudioVersion = 10.0.40219.1
Project("{FAE04EC0-301F-11D3-BF4B-00C04F79EFBC}") = "Files_Demo", "Files_Demo\Files_Demo.csproj", "{3C3E03BC-0C26-4F91-92AE-8897D6DC681A}"
EndProject
Global
	GlobalSection(SolutionConfigurationPlatforms) = preSolution
		Debug|Any CPU = Debug|Any CPU
		Release|Any CPU = Release|Any CPU
	EndGlobalSection
	GlobalSection(ProjectConfigurationPlatforms) = postSolution
		{3C3E03BC-0C26-4F91-92AE-8897D6DC681A}.Debug|Any CPU.ActiveCfg = Debug|Any CPU
		{3C3E03BC-0C26-4F91-92AE-8897D6DC681A}.Debug|Any CPU.Build.0 = Debug|Any CPU
		{3C3E03BC-0C26-4F91-92AE-8897D6DC681A}.Release|Any CPU.ActiveCfg = Release|Any CPU
		{3C3E03BC-0C26-4F91-92AE-8897D6DC681A}.Release|Any CPU.Build.0 = Release|Any CPU
	EndGlobalSection
	GlobalSection(SolutionProperties) = preSolution
		HideSolutionNode = FALSE
	EndGlobalSection
EndGlobal
