
Microsoft Visual Studio Solution File, Format Version 12.00
# Visual Studio 14
VisualStudioVersion = 14.0.23107.0
MinimumVisualStudioVersion = 10.0.40219.1
Project("{9092AA53-FB77-4645-B42D-1CCCA6BD08BD}") = "2.Plf_Üben", "2.Plf_Üben\2.Plf_Üben.njsproj", "{86192F51-7D65-4779-AA67-933E80F2BA19}"
EndProject
Global
	GlobalSection(SolutionConfigurationPlatforms) = preSolution
		Debug|Any CPU = Debug|Any CPU
		Release|Any CPU = Release|Any CPU
	EndGlobalSection
	GlobalSection(ProjectConfigurationPlatforms) = postSolution
		{86192F51-7D65-4779-AA67-933E80F2BA19}.Debug|Any CPU.ActiveCfg = Debug|Any CPU
		{86192F51-7D65-4779-AA67-933E80F2BA19}.Debug|Any CPU.Build.0 = Debug|Any CPU
		{86192F51-7D65-4779-AA67-933E80F2BA19}.Release|Any CPU.ActiveCfg = Release|Any CPU
		{86192F51-7D65-4779-AA67-933E80F2BA19}.Release|Any CPU.Build.0 = Release|Any CPU
	EndGlobalSection
	GlobalSection(SolutionProperties) = preSolution
		HideSolutionNode = FALSE
	EndGlobalSection
EndGlobal
