
Microsoft Visual Studio Solution File, Format Version 12.00
# Visual Studio 14
VisualStudioVersion = 14.0.23107.0
MinimumVisualStudioVersion = 10.0.40219.1
Project("{FAE04EC0-301F-11D3-BF4B-00C04F79EFBC}") = "PLFClassLibrary", "PLFClassLibrary\PLFClassLibrary.csproj", "{1D854F37-4E0A-4CAD-BD15-3D1676E5A935}"
EndProject
Project("{FAE04EC0-301F-11D3-BF4B-00C04F79EFBC}") = "PLFConsoleInterface", "PLFConsoleInterface\PLFConsoleInterface.csproj", "{6A4F78CB-D4B9-4983-A9D4-59FB7BC054C6}"
EndProject
Global
	GlobalSection(SolutionConfigurationPlatforms) = preSolution
		Debug|Any CPU = Debug|Any CPU
		Release|Any CPU = Release|Any CPU
	EndGlobalSection
	GlobalSection(ProjectConfigurationPlatforms) = postSolution
		{1D854F37-4E0A-4CAD-BD15-3D1676E5A935}.Debug|Any CPU.ActiveCfg = Debug|Any CPU
		{1D854F37-4E0A-4CAD-BD15-3D1676E5A935}.Debug|Any CPU.Build.0 = Debug|Any CPU
		{1D854F37-4E0A-4CAD-BD15-3D1676E5A935}.Release|Any CPU.ActiveCfg = Release|Any CPU
		{1D854F37-4E0A-4CAD-BD15-3D1676E5A935}.Release|Any CPU.Build.0 = Release|Any CPU
		{6A4F78CB-D4B9-4983-A9D4-59FB7BC054C6}.Debug|Any CPU.ActiveCfg = Debug|Any CPU
		{6A4F78CB-D4B9-4983-A9D4-59FB7BC054C6}.Debug|Any CPU.Build.0 = Debug|Any CPU
		{6A4F78CB-D4B9-4983-A9D4-59FB7BC054C6}.Release|Any CPU.ActiveCfg = Release|Any CPU
		{6A4F78CB-D4B9-4983-A9D4-59FB7BC054C6}.Release|Any CPU.Build.0 = Release|Any CPU
	EndGlobalSection
	GlobalSection(SolutionProperties) = preSolution
		HideSolutionNode = FALSE
	EndGlobalSection
EndGlobal
